# THIS IS AN AUTOGENERATED FILE. DO NOT EDIT THIS FILE DIRECTLY.
# yarn lockfile v1


canvas@^1.4.0:
  version "1.6.11"
  resolved "https://registry.yarnpkg.com/canvas/-/canvas-1.6.11.tgz#c2d8bcf283281f19ded14fa163a111804522330d"
  dependencies:
    nan "^2.10.0"

debug@^3.1.0:
  version "3.1.0"
  resolved "https://registry.yarnpkg.com/debug/-/debug-3.1.0.tgz#5bb5a0672628b64149566ba16819e61518c67261"
  dependencies:
    ms "2.0.0"

ms@2.0.0:
  version "2.0.0"
  resolved "https://registry.yarnpkg.com/ms/-/ms-2.0.0.tgz#5608aeadfc00be6c2901df5f9861788de0d597c8"

nan@^2.10.0:
  version "2.10.0"
  resolved "https://registry.yarnpkg.com/nan/-/nan-2.10.0.tgz#96d0cd610ebd58d4b4de9cc0c6828cda99c7548f"

"node-gameboy@https://github.com/nakardo/node-gameboy.git":
  version "0.4.3"
  resolved "https://github.com/nakardo/node-gameboy.git#8a22de4aa06636cd4cb34e551253b2a2203d435a"
  dependencies:
    canvas "^1.4.0"
    debug "^3.1.0"
    raf "^3.3.0"

performance-now@^2.1.0:
  version "2.1.0"
  resolved "https://registry.yarnpkg.com/performance-now/-/performance-now-2.1.0.tgz#6309f4e0e5fa913ec1c69307ae364b4b377c9e7b"

raf@^3.3.0:
  version "3.4.0"
  resolved "https://registry.yarnpkg.com/raf/-/raf-3.4.0.tgz#a28876881b4bc2ca9117d4138163ddb80f781575"
  dependencies:
    performance-now "^2.1.0"
